# This file was autogenerated by Stack.
# You should not edit this file by hand.
# For more information, please see the documentation at:
#   https://docs.haskellstack.org/en/stable/lock_files

packages:
- completed:
    hackage: flatbuffers-0.3.0.0@sha256:0b67d48de2ea392776b2041f2c8fef1f72f7d8f6c54127ca781a1db0980d07a0,4563
    pantry-tree:
      sha256: d2855e17ee564553e9735d23751f311b2bd04f90c351c681f3503871391d6aa7
      size: 2876
  original:
    hackage: flatbuffers-0.3.0.0
- completed:
    hackage: winery-1.4@sha256:13b560fffbeed4347512d06ee7a0f4c4aa48467dca8f12296e6728d682804d26,2921
    pantry-tree:
      sha256: dca07036d64fb97e207fbb867ef748af824016e2381c2d31852c5de5900ecec6
      size: 1047
  original:
    hackage: winery-1.4
- completed:
    hackage: barbies-th-0.1.10@sha256:f1f1a6f9992d55308590f826ac813e19325b1fe4679f9036450f5cf0066261d3,1606
    pantry-tree:
      sha256: af8dfb32d9e51eff3e69a72d030eda5731b6eab7fe6d0e7cb976e066df183c2e
      size: 657
  original:
    hackage: barbies-th-0.1.10
- completed:
    hackage: fast-builder-0.1.3.0@sha256:301a50188856ee88706c432c7d5c8c20f744a64a3cbf00346b8c84015c5ecac4,2802
    pantry-tree:
      sha256: 2e986a1ba09a2226836cd6f51c43368590f80e22f2a0b3ef5771fbe5a5d6fb39
      size: 986
  original:
    hackage: fast-builder-0.1.3.0
- completed:
    hackage: flat-0.4.4@sha256:c6dde9f15935db97660012a196fd023c1800f9e62848af6c8116883cada33bb9,8810
    pantry-tree:
      sha256: 61c2f763f124b1411075e4c39f0ed080612c885f69a95662596decc63b8de74f
      size: 4358
  original:
    hackage: flat-0.4.4
snapshots:
- completed:
    sha256: 6d1532d40621957a25bad5195bfca7938e8a06d923c91bc52aa0f3c41181f2d4
    size: 619204
    url: https://raw.githubusercontent.com/commercialhaskell/stackage-snapshots/master/lts/19/33.yaml
  original: lts-19.33
