# This file was autogenerated by Stack.
# You should not edit this file by hand.
# For more information, please see the documentation at:
#   https://docs.haskellstack.org/en/stable/lock_files

packages:
- completed:
    hackage: winery-1.4@sha256:13b560fffbeed4347512d06ee7a0f4c4aa48467dca8f12296e6728d682804d26,2921
    pantry-tree:
      sha256: dca07036d64fb97e207fbb867ef748af824016e2381c2d31852c5de5900ecec6
      size: 1047
  original:
    hackage: winery-1.4
- completed:
    hackage: barbies-th-0.1.10@sha256:f1f1a6f9992d55308590f826ac813e19325b1fe4679f9036450f5cf0066261d3,1606
    pantry-tree:
      sha256: af8dfb32d9e51eff3e69a72d030eda5731b6eab7fe6d0e7cb976e066df183c2e
      size: 657
  original:
    hackage: barbies-th-0.1.10
snapshots:
- completed:
    sha256: 6d1532d40621957a25bad5195bfca7938e8a06d923c91bc52aa0f3c41181f2d4
    size: 619204
    url: https://raw.githubusercontent.com/commercialhaskell/stackage-snapshots/master/lts/19/33.yaml
  original: lts-19.33
